
Microsoft Visual Studio Solution File, Format Version 12.00
# Visual Studio 15
VisualStudioVersion = 15.0.26228.9
MinimumVisualStudioVersion = 10.0.40219.1
Project("{2150E333-8FDC-42A3-9474-1A3956D46DE8}") = "test", "test", "{70760DD8-A408-4274-AAFE-0E06BC98DEDB}"
EndProject
Project("{2150E333-8FDC-42A3-9474-1A3956D46DE8}") = "src", "src", "{1E53EE83-AD17-4F75-A77D-B0A12961A232}"
EndProject
Project("{2150E333-8FDC-42A3-9474-1A3956D46DE8}") = "build", "build", "{A5AE3457-DDFF-432A-90D6-8462B560603C}"
	ProjectSection(SolutionItems) = preProject
		common\CommonAssemblyInfo.cs = common\CommonAssemblyInfo.cs
		common\PCLStorage.nuspec = common\PCLStorage.nuspec
	EndProjectSection
EndProject
Project("{FAE04EC0-301F-11D3-BF4B-00C04F79EFBC}") = "PCLStorage.Abstractions", "src\PCLStorage.Abstractions.csproj", "{EEBB53F3-EBDF-4DD0-82E5-FF9A2C8DBD72}"
EndProject
Project("{2150E333-8FDC-42A3-9474-1A3956D46DE8}") = "repo", "repo", "{F1B89645-2052-467F-BE54-839D9A1D0C6A}"
	ProjectSection(SolutionItems) = preProject
		.gitignore = .gitignore
		LICENSE = LICENSE
		README.md = README.md
	EndProjectSection
EndProject
Global
	GlobalSection(SolutionConfigurationPlatforms) = preSolution
		Debug|Any CPU = Debug|Any CPU
		Debug|ARM = Debug|ARM
		Debug|x64 = Debug|x64
		Debug|x86 = Debug|x86
		Release|Any CPU = Release|Any CPU
		Release|ARM = Release|ARM
		Release|x64 = Release|x64
		Release|x86 = Release|x86
	EndGlobalSection
	GlobalSection(ProjectConfigurationPlatforms) = postSolution
		{EEBB53F3-EBDF-4DD0-82E5-FF9A2C8DBD72}.Debug|Any CPU.ActiveCfg = Debug|Any CPU
		{EEBB53F3-EBDF-4DD0-82E5-FF9A2C8DBD72}.Debug|Any CPU.Build.0 = Debug|Any CPU
		{EEBB53F3-EBDF-4DD0-82E5-FF9A2C8DBD72}.Debug|ARM.ActiveCfg = Debug|Any CPU
		{EEBB53F3-EBDF-4DD0-82E5-FF9A2C8DBD72}.Debug|ARM.Build.0 = Debug|Any CPU
		{EEBB53F3-EBDF-4DD0-82E5-FF9A2C8DBD72}.Debug|x64.ActiveCfg = Debug|Any CPU
		{EEBB53F3-EBDF-4DD0-82E5-FF9A2C8DBD72}.Debug|x64.Build.0 = Debug|Any CPU
		{EEBB53F3-EBDF-4DD0-82E5-FF9A2C8DBD72}.Debug|x86.ActiveCfg = Debug|Any CPU
		{EEBB53F3-EBDF-4DD0-82E5-FF9A2C8DBD72}.Debug|x86.Build.0 = Debug|Any CPU
		{EEBB53F3-EBDF-4DD0-82E5-FF9A2C8DBD72}.Release|Any CPU.ActiveCfg = Release|Any CPU
		{EEBB53F3-EBDF-4DD0-82E5-FF9A2C8DBD72}.Release|Any CPU.Build.0 = Release|Any CPU
		{EEBB53F3-EBDF-4DD0-82E5-FF9A2C8DBD72}.Release|ARM.ActiveCfg = Release|Any CPU
		{EEBB53F3-EBDF-4DD0-82E5-FF9A2C8DBD72}.Release|ARM.Build.0 = Release|Any CPU
		{EEBB53F3-EBDF-4DD0-82E5-FF9A2C8DBD72}.Release|x64.ActiveCfg = Release|Any CPU
		{EEBB53F3-EBDF-4DD0-82E5-FF9A2C8DBD72}.Release|x64.Build.0 = Release|Any CPU
		{EEBB53F3-EBDF-4DD0-82E5-FF9A2C8DBD72}.Release|x86.ActiveCfg = Release|Any CPU
		{EEBB53F3-EBDF-4DD0-82E5-FF9A2C8DBD72}.Release|x86.Build.0 = Release|Any CPU
	EndGlobalSection
	GlobalSection(SolutionProperties) = preSolution
		HideSolutionNode = FALSE
	EndGlobalSection
	GlobalSection(NestedProjects) = preSolution
		{EEBB53F3-EBDF-4DD0-82E5-FF9A2C8DBD72} = {1E53EE83-AD17-4F75-A77D-B0A12961A232}
	EndGlobalSection
EndGlobal
